schema: '2.0'
stages:
  00-pci-seurat-import:
    cmd: Rscript pci_seurat_import.R
    deps:
    - path: ../analysis/seurat/20200816/pci_filtered_seurat_object.rdat
      md5: b74d3c5988fa4abe53b75c2c85eecab3
      size: 15820543894
    - path: pci_seurat_import.R
      md5: 53f2706e327ff8cb3e989b4c4dcfee70
      size: 2292
    outs:
    - path: ../analysis/pci_import/
      md5: d80b15122555f43bd7a7bf679eefe514.dir
      size: 39924748994
      nfiles: 2
  01-liger-subcluster-import:
    cmd: Rscript liger_seurat_import.R
    deps:
    - path: ../analysis/liger_subcluster/20200824
      md5: eda45284d0c198128ac022b5b3a49b18.dir
      size: 19270234545
      nfiles: 75
    - path: liger_seurat_import.R
      md5: 0b0018a18bffa72ec382f2a0acbc8ae6
      size: 766
    outs:
    - path: ../analysis/seurat_lchen/liger_subcluster_meta.csv
      md5: 6d35b6c061a8b0946e535f04b84b3565
      size: 418643117
    - path: ../analysis/seurat_lchen/liger_subcluster_metadata.rds
      md5: 55bbad22b0f222adf26a590832db96b5
      size: 457429898
  01-liger-seurat-import:
    cmd: Rscript liger_seurat_import.R
    deps:
    - path: ../analysis/liger_subcluster/20200824
      md5: eda45284d0c198128ac022b5b3a49b18.dir
      size: 19270234545
      nfiles: 75
    - path: liger_seurat_import.R
      md5: 0b0018a18bffa72ec382f2a0acbc8ae6
      size: 766
    outs:
    - path: ../analysis/seurat_lchen/liger_subcluster_meta.csv
      md5: 6d35b6c061a8b0946e535f04b84b3565
      size: 418643117
    - path: ../analysis/seurat_lchen/liger_subcluster_metadata.rds
      md5: 2fba1087355fe7eca0ad4231b99a38be
      size: 457429898
  02-seurat-excitatory-layers:
    cmd: Rscript seurat_excitatory_layers.R
    deps:
    - path: ../analysis/pci_import/pci_seurat.rds
      md5: ab792d590aea4bd458943607589bfdd6
      size: 39581782428
    - path: ../resources/excitatory_layers_20210318.csv
      md5: 984763aaa06969cdee1aaae79508d285
      size: 702
    - path: seurat_excitatory_layers.R
      md5: 825c2f20c8aed8a871de1b9d163a0c76
      size: 4057
    outs:
    - path: ../analysis/seurat_lchen/seurat_excitatory_layers/ct_layer.csv
      md5: b5285deb180c36019782cb4479f74ecf
      size: 7684
    - path: ../analysis/seurat_lchen/seurat_excitatory_layers/excitatory_markers.pdf
      md5: 66ba2e6eca1207bdb90c1734b153f405
      size: 274883
    - path: ../analysis/seurat_lchen/seurat_excitatory_layers/sobj_celltype_meta.rds
      md5: 1f90811b50565d840594f7a9bdf6031d
      size: 406242445
